
Microsoft Visual Studio Solution File, Format Version 12.00
# Visual Studio Version 17
VisualStudioVersion = 17.7.34018.315
MinimumVisualStudioVersion = 10.0.40219.1
Project("{FAE04EC0-301F-11D3-BF4B-00C04F79EFBC}") = "cSharpBasic", "cSharpBasic\cSharpBasic.csproj", "{D4F1D9A6-E960-41E0-BE7D-9109F78F980C}"
EndProject
Global
	GlobalSection(SolutionConfigurationPlatforms) = preSolution
		Debug|Any CPU = Debug|Any CPU
		Release|Any CPU = Release|Any CPU
	EndGlobalSection
	GlobalSection(ProjectConfigurationPlatforms) = postSolution
		{D4F1D9A6-E960-41E0-BE7D-9109F78F980C}.Debug|Any CPU.ActiveCfg = Debug|Any CPU
		{D4F1D9A6-E960-41E0-BE7D-9109F78F980C}.Debug|Any CPU.Build.0 = Debug|Any CPU
		{D4F1D9A6-E960-41E0-BE7D-9109F78F980C}.Release|Any CPU.ActiveCfg = Release|Any CPU
		{D4F1D9A6-E960-41E0-BE7D-9109F78F980C}.Release|Any CPU.Build.0 = Release|Any CPU
	EndGlobalSection
	GlobalSection(SolutionProperties) = preSolution
		HideSolutionNode = FALSE
	EndGlobalSection
	GlobalSection(ExtensibilityGlobals) = postSolution
		SolutionGuid = {2278BD9E-18D7-40E2-9C16-AAF77BFCFD16}
	EndGlobalSection
EndGlobal
